// !$*UTF8*$!
{
	archiveVersion = 1;
	classes = {
	};
	objectVersion = 56;
	objects = {

/* Begin PBXBuildFile section */
		25CCCACE2C8B3E070001562B /* ScrumsView.swift in Sources */ = {isa = PBXBuildFile; fileRef = 25CCCACD2C8B3E070001562B /* ScrumsView.swift */; };
		25CCCAD02C8B44820001562B /* DetailView.swift in Sources */ = {isa = PBXBuildFile; fileRef = 25CCCACF2C8B44820001562B /* DetailView.swift */; };
		25EADF892C8B05D60039034B /* ScrumdingerApp.swift in Sources */ = {isa = PBXBuildFile; fileRef = 25EADF882C8B05D60039034B /* ScrumdingerApp.swift */; };
		25EADF8B2C8B05D60039034B /* MeetingView.swift in Sources */ = {isa = PBXBuildFile; fileRef = 25EADF8A2C8B05D60039034B /* MeetingView.swift */; };
		25EADF8D2C8B05D70039034B /* Assets.xcassets in Resources */ = {isa = PBXBuildFile; fileRef = 25EADF8C2C8B05D70039034B /* Assets.xcassets */; };
		25EADF902C8B05D70039034B /* Preview Assets.xcassets in Resources */ = {isa = PBXBuildFile; fileRef = 25EADF8F2C8B05D70039034B /* Preview Assets.xcassets */; };
		25EADF9A2C8B05D80039034B /* ScrumdingerTests.swift in Sources */ = {isa = PBXBuildFile; fileRef = 25EADF992C8B05D80039034B /* ScrumdingerTests.swift */; };
		25EADFA42C8B05D80039034B /* ScrumdingerUITests.swift in Sources */ = {isa = PBXBuildFile; fileRef = 25EADFA32C8B05D80039034B /* ScrumdingerUITests.swift */; };
		25EADFA62C8B05D80039034B /* ScrumdingerUITestsLaunchTests.swift in Sources */ = {isa = PBXBuildFile; fileRef = 25EADFA52C8B05D80039034B /* ScrumdingerUITestsLaunchTests.swift */; };
		25EADFB42C8B0DEF0039034B /* Theme.swift in Sources */ = {isa = PBXBuildFile; fileRef = 25EADFB32C8B0DEF0039034B /* Theme.swift */; };
		25EADFB62C8B0F420039034B /* DailyScrum.swift in Sources */ = {isa = PBXBuildFile; fileRef = 25EADFB52C8B0F420039034B /* DailyScrum.swift */; };
		25EADFB82C8B10A60039034B /* CardView.swift in Sources */ = {isa = PBXBuildFile; fileRef = 25EADFB72C8B10A60039034B /* CardView.swift */; };
		25EADFBA2C8B155A0039034B /* TrailingiconlabelStyle.swift in Sources */ = {isa = PBXBuildFile; fileRef = 25EADFB92C8B155A0039034B /* TrailingiconlabelStyle.swift */; };
/* End PBXBuildFile section */

/* Begin PBXContainerItemProxy section */
		25EADF962C8B05D80039034B /* PBXContainerItemProxy */ = {
			isa = PBXContainerItemProxy;
			containerPortal = 25EADF7D2C8B05D60039034B /* Project object */;
			proxyType = 1;
			remoteGlobalIDString = 25EADF842C8B05D60039034B;
			remoteInfo = Scrumdinger;
		};
		25EADFA02C8B05D80039034B /* PBXContainerItemProxy */ = {
			isa = PBXContainerItemProxy;
			containerPortal = 25EADF7D2C8B05D60039034B /* Project object */;
			proxyType = 1;
			remoteGlobalIDString = 25EADF842C8B05D60039034B;
			remoteInfo = Scrumdinger;
		};
/* End PBXContainerItemProxy section */

/* Begin PBXFileReference section */
		25CCCACD2C8B3E070001562B /* ScrumsView.swift */ = {isa = PBXFileReference; lastKnownFileType = sourcecode.swift; path = ScrumsView.swift; sourceTree = "<group>"; };
		25CCCACF2C8B44820001562B /* DetailView.swift */ = {isa = PBXFileReference; lastKnownFileType = sourcecode.swift; path = DetailView.swift; sourceTree = "<group>"; };
		25EADF852C8B05D60039034B /* Scrumdinger.app */ = {isa = PBXFileReference; explicitFileType = wrapper.application; includeInIndex = 0; path = Scrumdinger.app; sourceTree = BUILT_PRODUCTS_DIR; };
		25EADF882C8B05D60039034B /* ScrumdingerApp.swift */ = {isa = PBXFileReference; lastKnownFileType = sourcecode.swift; path = ScrumdingerApp.swift; sourceTree = "<group>"; };
		25EADF8A2C8B05D60039034B /* MeetingView.swift */ = {isa = PBXFileReference; lastKnownFileType = sourcecode.swift; path = MeetingView.swift; sourceTree = "<group>"; };
		25EADF8C2C8B05D70039034B /* Assets.xcassets */ = {isa = PBXFileReference; lastKnownFileType = folder.assetcatalog; path = Assets.xcassets; sourceTree = "<group>"; };
		25EADF8F2C8B05D70039034B /* Preview Assets.xcassets */ = {isa = PBXFileReference; lastKnownFileType = folder.assetcatalog; path = "Preview Assets.xcassets"; sourceTree = "<group>"; };
		25EADF952C8B05D80039034B /* ScrumdingerTests.xctest */ = {isa = PBXFileReference; explicitFileType = wrapper.cfbundle; includeInIndex = 0; path = ScrumdingerTests.xctest; sourceTree = BUILT_PRODUCTS_DIR; };
		25EADF992C8B05D80039034B /* ScrumdingerTests.swift */ = {isa = PBXFileReference; lastKnownFileType = sourcecode.swift; path = ScrumdingerTests.swift; sourceTree = "<group>"; };
		25EADF9F2C8B05D80039034B /* ScrumdingerUITests.xctest */ = {isa = PBXFileReference; explicitFileType = wrapper.cfbundle; includeInIndex = 0; path = ScrumdingerUITests.xctest; sourceTree = BUILT_PRODUCTS_DIR; };
		25EADFA32C8B05D80039034B /* ScrumdingerUITests.swift */ = {isa = PBXFileReference; lastKnownFileType = sourcecode.swift; path = ScrumdingerUITests.swift; sourceTree = "<group>"; };
		25EADFA52C8B05D80039034B /* ScrumdingerUITestsLaunchTests.swift */ = {isa = PBXFileReference; lastKnownFileType = sourcecode.swift; path = ScrumdingerUITestsLaunchTests.swift; sourceTree = "<group>"; };
		25EADFB32C8B0DEF0039034B /* Theme.swift */ = {isa = PBXFileReference; lastKnownFileType = sourcecode.swift; path = Theme.swift; sourceTree = "<group>"; };
		25EADFB52C8B0F420039034B /* DailyScrum.swift */ = {isa = PBXFileReference; lastKnownFileType = sourcecode.swift; path = DailyScrum.swift; sourceTree = "<group>"; };
		25EADFB72C8B10A60039034B /* CardView.swift */ = {isa = PBXFileReference; lastKnownFileType = sourcecode.swift; path = CardView.swift; sourceTree = "<group>"; };
		25EADFB92C8B155A0039034B /* TrailingiconlabelStyle.swift */ = {isa = PBXFileReference; lastKnownFileType = sourcecode.swift; path = TrailingiconlabelStyle.swift; sourceTree = "<group>"; };
/* End PBXFileReference section */

/* Begin PBXFrameworksBuildPhase section */
		25EADF822C8B05D60039034B /* Frameworks */ = {
			isa = PBXFrameworksBuildPhase;
			buildActionMask = 2147483647;
			files = (
			);
			runOnlyForDeploymentPostprocessing = 0;
		};
		25EADF922C8B05D80039034B /* Frameworks */ = {
			isa = PBXFrameworksBuildPhase;
			buildActionMask = 2147483647;
			files = (
			);
			runOnlyForDeploymentPostprocessing = 0;
		};
		25EADF9C2C8B05D80039034B /* Frameworks */ = {
			isa = PBXFrameworksBuildPhase;
			buildActionMask = 2147483647;
			files = (
			);
			runOnlyForDeploymentPostprocessing = 0;
		};
/* End PBXFrameworksBuildPhase section */

/* Begin PBXGroup section */
		25EADF7C2C8B05D60039034B = {
			isa = PBXGroup;
			children = (
				25EADF872C8B05D60039034B /* Scrumdinger */,
				25EADF982C8B05D80039034B /* ScrumdingerTests */,
				25EADFA22C8B05D80039034B /* ScrumdingerUITests */,
				25EADF862C8B05D60039034B /* Products */,
			);
			sourceTree = "<group>";
		};
		25EADF862C8B05D60039034B /* Products */ = {
			isa = PBXGroup;
			children = (
				25EADF852C8B05D60039034B /* Scrumdinger.app */,
				25EADF952C8B05D80039034B /* ScrumdingerTests.xctest */,
				25EADF9F2C8B05D80039034B /* ScrumdingerUITests.xctest */,
			);
			name = Products;
			sourceTree = "<group>";
		};
		25EADF872C8B05D60039034B /* Scrumdinger */ = {
			isa = PBXGroup;
			children = (
				25EADFB92C8B155A0039034B /* TrailingiconlabelStyle.swift */,
				25EADFB22C8B0DDB0039034B /* Models */,
				25EADF882C8B05D60039034B /* ScrumdingerApp.swift */,
				25EADF8A2C8B05D60039034B /* MeetingView.swift */,
				25EADF8C2C8B05D70039034B /* Assets.xcassets */,
				25EADF8E2C8B05D70039034B /* Preview Content */,
				25EADFB72C8B10A60039034B /* CardView.swift */,
				25CCCACD2C8B3E070001562B /* ScrumsView.swift */,
				25CCCACF2C8B44820001562B /* DetailView.swift */,
			);
			path = Scrumdinger;
			sourceTree = "<group>";
		};
		25EADF8E2C8B05D70039034B /* Preview Content */ = {
			isa = PBXGroup;
			children = (
				25EADF8F2C8B05D70039034B /* Preview Assets.xcassets */,
			);
			path = "Preview Content";
			sourceTree = "<group>";
		};
		25EADF982C8B05D80039034B /* ScrumdingerTests */ = {
			isa = PBXGroup;
			children = (
				25EADF992C8B05D80039034B /* ScrumdingerTests.swift */,
			);
			path = ScrumdingerTests;
			sourceTree = "<group>";
		};
		25EADFA22C8B05D80039034B /* ScrumdingerUITests */ = {
			isa = PBXGroup;
			children = (
				25EADFA32C8B05D80039034B /* ScrumdingerUITests.swift */,
				25EADFA52C8B05D80039034B /* ScrumdingerUITestsLaunchTests.swift */,
			);
			path = ScrumdingerUITests;
			sourceTree = "<group>";
		};
		25EADFB22C8B0DDB0039034B /* Models */ = {
			isa = PBXGroup;
			children = (
				25EADFB32C8B0DEF0039034B /* Theme.swift */,
				25EADFB52C8B0F420039034B /* DailyScrum.swift */,
			);
			path = Models;
			sourceTree = "<group>";
		};
/* End PBXGroup section */

/* Begin PBXNativeTarget section */
		25EADF842C8B05D60039034B /* Scrumdinger */ = {
			isa = PBXNativeTarget;
			buildConfigurationList = 25EADFA92C8B05D80039034B /* Build configuration list for PBXNativeTarget "Scrumdinger" */;
			buildPhases = (
				25EADF812C8B05D60039034B /* Sources */,
				25EADF822C8B05D60039034B /* Frameworks */,
				25EADF832C8B05D60039034B /* Resources */,
			);
			buildRules = (
			);
			dependencies = (
			);
			name = Scrumdinger;
			productName = Scrumdinger;
			productReference = 25EADF852C8B05D60039034B /* Scrumdinger.app */;
			productType = "com.apple.product-type.application";
		};
		25EADF942C8B05D80039034B /* ScrumdingerTests */ = {
			isa = PBXNativeTarget;
			buildConfigurationList = 25EADFAC2C8B05D80039034B /* Build configuration list for PBXNativeTarget "ScrumdingerTests" */;
			buildPhases = (
				25EADF912C8B05D80039034B /* Sources */,
				25EADF922C8B05D80039034B /* Frameworks */,
				25EADF932C8B05D80039034B /* Resources */,
			);
			buildRules = (
			);
			dependencies = (
				25EADF972C8B05D80039034B /* PBXTargetDependency */,
			);
			name = ScrumdingerTests;
			productName = ScrumdingerTests;
			productReference = 25EADF952C8B05D80039034B /* ScrumdingerTests.xctest */;
			productType = "com.apple.product-type.bundle.unit-test";
		};
		25EADF9E2C8B05D80039034B /* ScrumdingerUITests */ = {
			isa = PBXNativeTarget;
			buildConfigurationList = 25EADFAF2C8B05D80039034B /* Build configuration list for PBXNativeTarget "ScrumdingerUITests" */;
			buildPhases = (
				25EADF9B2C8B05D80039034B /* Sources */,
				25EADF9C2C8B05D80039034B /* Frameworks */,
				25EADF9D2C8B05D80039034B /* Resources */,
			);
			buildRules = (
			);
			dependencies = (
				25EADFA12C8B05D80039034B /* PBXTargetDependency */,
			);
			name = ScrumdingerUITests;
			productName = ScrumdingerUITests;
			productReference = 25EADF9F2C8B05D80039034B /* ScrumdingerUITests.xctest */;
			productType = "com.apple.product-type.bundle.ui-testing";
		};
/* End PBXNativeTarget section */

/* Begin PBXProject section */
		25EADF7D2C8B05D60039034B /* Project object */ = {
			isa = PBXProject;
			attributes = {
				BuildIndependentTargetsInParallel = 1;
				LastSwiftUpdateCheck = 1540;
				LastUpgradeCheck = 1540;
				TargetAttributes = {
					25EADF842C8B05D60039034B = {
						CreatedOnToolsVersion = 15.4;
					};
					25EADF942C8B05D80039034B = {
						CreatedOnToolsVersion = 15.4;
						TestTargetID = 25EADF842C8B05D60039034B;
					};
					25EADF9E2C8B05D80039034B = {
						CreatedOnToolsVersion = 15.4;
						TestTargetID = 25EADF842C8B05D60039034B;
					};
				};
			};
			buildConfigurationList = 25EADF802C8B05D60039034B /* Build configuration list for PBXProject "Scrumdinger" */;
			compatibilityVersion = "Xcode 14.0";
			developmentRegion = en;
			hasScannedForEncodings = 0;
			knownRegions = (
				en,
				Base,
			);
			mainGroup = 25EADF7C2C8B05D60039034B;
			productRefGroup = 25EADF862C8B05D60039034B /* Products */;
			projectDirPath = "";
			projectRoot = "";
			targets = (
				25EADF842C8B05D60039034B /* Scrumdinger */,
				25EADF942C8B05D80039034B /* ScrumdingerTests */,
				25EADF9E2C8B05D80039034B /* ScrumdingerUITests */,
			);
		};
/* End PBXProject section */

/* Begin PBXResourcesBuildPhase section */
		25EADF832C8B05D60039034B /* Resources */ = {
			isa = PBXResourcesBuildPhase;
			buildActionMask = 2147483647;
			files = (
				25EADF902C8B05D70039034B /* Preview Assets.xcassets in Resources */,
				25EADF8D2C8B05D70039034B /* Assets.xcassets in Resources */,
			);
			runOnlyForDeploymentPostprocessing = 0;
		};
		25EADF932C8B05D80039034B /* Resources */ = {
			isa = PBXResourcesBuildPhase;
			buildActionMask = 2147483647;
			files = (
			);
			runOnlyForDeploymentPostprocessing = 0;
		};
		25EADF9D2C8B05D80039034B /* Resources */ = {
			isa = PBXResourcesBuildPhase;
			buildActionMask = 2147483647;
			files = (
			);
			runOnlyForDeploymentPostprocessing = 0;
		};
/* End PBXResourcesBuildPhase section */

/* Begin PBXSourcesBuildPhase section */
		25EADF812C8B05D60039034B /* Sources */ = {
			isa = PBXSourcesBuildPhase;
			buildActionMask = 2147483647;
			files = (
				25EADFB62C8B0F420039034B /* DailyScrum.swift in Sources */,
				25CCCAD02C8B44820001562B /* DetailView.swift in Sources */,
				25EADFB42C8B0DEF0039034B /* Theme.swift in Sources */,
				25EADF8B2C8B05D60039034B /* MeetingView.swift in Sources */,
				25CCCACE2C8B3E070001562B /* ScrumsView.swift in Sources */,
				25EADF892C8B05D60039034B /* ScrumdingerApp.swift in Sources */,
				25EADFB82C8B10A60039034B /* CardView.swift in Sources */,
				25EADFBA2C8B155A0039034B /* TrailingiconlabelStyle.swift in Sources */,
			);
			runOnlyForDeploymentPostprocessing = 0;
		};
		25EADF912C8B05D80039034B /* Sources */ = {
			isa = PBXSourcesBuildPhase;
			buildActionMask = 2147483647;
			files = (
				25EADF9A2C8B05D80039034B /* ScrumdingerTests.swift in Sources */,
			);
			runOnlyForDeploymentPostprocessing = 0;
		};
		25EADF9B2C8B05D80039034B /* Sources */ = {
			isa = PBXSourcesBuildPhase;
			buildActionMask = 2147483647;
			files = (
				25EADFA62C8B05D80039034B /* ScrumdingerUITestsLaunchTests.swift in Sources */,
				25EADFA42C8B05D80039034B /* ScrumdingerUITests.swift in Sources */,
			);
			runOnlyForDeploymentPostprocessing = 0;
		};
/* End PBXSourcesBuildPhase section */

/* Begin PBXTargetDependency section */
		25EADF972C8B05D80039034B /* PBXTargetDependency */ = {
			isa = PBXTargetDependency;
			target = 25EADF842C8B05D60039034B /* Scrumdinger */;
			targetProxy = 25EADF962C8B05D80039034B /* PBXContainerItemProxy */;
		};
		25EADFA12C8B05D80039034B /* PBXTargetDependency */ = {
			isa = PBXTargetDependency;
			target = 25EADF842C8B05D60039034B /* Scrumdinger */;
			targetProxy = 25EADFA02C8B05D80039034B /* PBXContainerItemProxy */;
		};
/* End PBXTargetDependency section */

/* Begin XCBuildConfiguration section */
		25EADFA72C8B05D80039034B /* Debug */ = {
			isa = XCBuildConfiguration;
			buildSettings = {
				ALWAYS_SEARCH_USER_PATHS = NO;
				ASSETCATALOG_COMPILER_GENERATE_SWIFT_ASSET_SYMBOL_EXTENSIONS = YES;
				CLANG_ANALYZER_NONNULL = YES;
				CLANG_ANALYZER_NUMBER_OBJECT_CONVERSION = YES_AGGRESSIVE;
				CLANG_CXX_LANGUAGE_STANDARD = "gnu++20";
				CLANG_ENABLE_MODULES = YES;
				CLANG_ENABLE_OBJC_ARC = YES;
				CLANG_ENABLE_OBJC_WEAK = YES;
				CLANG_WARN_BLOCK_CAPTURE_AUTORELEASING = YES;
				CLANG_WARN_BOOL_CONVERSION = YES;
				CLANG_WARN_COMMA = YES;
				CLANG_WARN_CONSTANT_CONVERSION = YES;
				CLANG_WARN_DEPRECATED_OBJC_IMPLEMENTATIONS = YES;
				CLANG_WARN_DIRECT_OBJC_ISA_USAGE = YES_ERROR;
				CLANG_WARN_DOCUMENTATION_COMMENTS = YES;
				CLANG_WARN_EMPTY_BODY = YES;
				CLANG_WARN_ENUM_CONVERSION = YES;
				CLANG_WARN_INFINITE_RECURSION = YES;
				CLANG_WARN_INT_CONVERSION = YES;
				CLANG_WARN_NON_LITERAL_NULL_CONVERSION = YES;
				CLANG_WARN_OBJC_IMPLICIT_RETAIN_SELF = YES;
				CLANG_WARN_OBJC_LITERAL_CONVERSION = YES;
				CLANG_WARN_OBJC_ROOT_CLASS = YES_ERROR;
				CLANG_WARN_QUOTED_INCLUDE_IN_FRAMEWORK_HEADER = YES;
				CLANG_WARN_RANGE_LOOP_ANALYSIS = YES;
				CLANG_WARN_STRICT_PROTOTYPES = YES;
				CLANG_WARN_SUSPICIOUS_MOVE = YES;
				CLANG_WARN_UNGUARDED_AVAILABILITY = YES_AGGRESSIVE;
				CLANG_WARN_UNREACHABLE_CODE = YES;
				CLANG_WARN__DUPLICATE_METHOD_MATCH = YES;
				COPY_PHASE_STRIP = NO;
				DEBUG_INFORMATION_FORMAT = dwarf;
				ENABLE_STRICT_OBJC_MSGSEND = YES;
				ENABLE_TESTABILITY = YES;
				ENABLE_USER_SCRIPT_SANDBOXING = YES;
				GCC_C_LANGUAGE_STANDARD = gnu17;
				GCC_DYNAMIC_NO_PIC = NO;
				GCC_NO_COMMON_BLOCKS = YES;
				GCC_OPTIMIZATION_LEVEL = 0;
				GCC_PREPROCESSOR_DEFINITIONS = (
					"DEBUG=1",
					"$(inherited)",
				);
				GCC_WARN_64_TO_32_BIT_CONVERSION = YES;
				GCC_WARN_ABOUT_RETURN_TYPE = YES_ERROR;
				GCC_WARN_UNDECLARED_SELECTOR = YES;
				GCC_WARN_UNINITIALIZED_AUTOS = YES_AGGRESSIVE;
				GCC_WARN_UNUSED_FUNCTION = YES;
				GCC_WARN_UNUSED_VARIABLE = YES;
				IPHONEOS_DEPLOYMENT_TARGET = 17.5;
				LOCALIZATION_PREFERS_STRING_CATALOGS = YES;
				MTL_ENABLE_DEBUG_INFO = INCLUDE_SOURCE;
				MTL_FAST_MATH = YES;
				ONLY_ACTIVE_ARCH = YES;
				SDKROOT = iphoneos;
				SWIFT_ACTIVE_COMPILATION_CONDITIONS = "DEBUG $(inherited)";
				SWIFT_OPTIMIZATION_LEVEL = "-Onone";
			};
			name = Debug;
		};
		25EADFA82C8B05D80039034B /* Release */ = {
			isa = XCBuildConfiguration;
			buildSettings = {
				ALWAYS_SEARCH_USER_PATHS = NO;
				ASSETCATALOG_COMPILER_GENERATE_SWIFT_ASSET_SYMBOL_EXTENSIONS = YES;
				CLANG_ANALYZER_NONNULL = YES;
				CLANG_ANALYZER_NUMBER_OBJECT_CONVERSION = YES_AGGRESSIVE;
				CLANG_CXX_LANGUAGE_STANDARD = "gnu++20";
				CLANG_ENABLE_MODULES = YES;
				CLANG_ENABLE_OBJC_ARC = YES;
				CLANG_ENABLE_OBJC_WEAK = YES;
				CLANG_WARN_BLOCK_CAPTURE_AUTORELEASING = YES;
				CLANG_WARN_BOOL_CONVERSION = YES;
				CLANG_WARN_COMMA = YES;
				CLANG_WARN_CONSTANT_CONVERSION = YES;
				CLANG_WARN_DEPRECATED_OBJC_IMPLEMENTATIONS = YES;
				CLANG_WARN_DIRECT_OBJC_ISA_USAGE = YES_ERROR;
				CLANG_WARN_DOCUMENTATION_COMMENTS = YES;
				CLANG_WARN_EMPTY_BODY = YES;
				CLANG_WARN_ENUM_CONVERSION = YES;
				CLANG_WARN_INFINITE_RECURSION = YES;
				CLANG_WARN_INT_CONVERSION = YES;
				CLANG_WARN_NON_LITERAL_NULL_CONVERSION = YES;
				CLANG_WARN_OBJC_IMPLICIT_RETAIN_SELF = YES;
				CLANG_WARN_OBJC_LITERAL_CONVERSION = YES;
				CLANG_WARN_OBJC_ROOT_CLASS = YES_ERROR;
				CLANG_WARN_QUOTED_INCLUDE_IN_FRAMEWORK_HEADER = YES;
				CLANG_WARN_RANGE_LOOP_ANALYSIS = YES;
				CLANG_WARN_STRICT_PROTOTYPES = YES;
				CLANG_WARN_SUSPICIOUS_MOVE = YES;
				CLANG_WARN_UNGUARDED_AVAILABILITY = YES_AGGRESSIVE;
				CLANG_WARN_UNREACHABLE_CODE = YES;
				CLANG_WARN__DUPLICATE_METHOD_MATCH = YES;
				COPY_PHASE_STRIP = NO;
				DEBUG_INFORMATION_FORMAT = "dwarf-with-dsym";
				ENABLE_NS_ASSERTIONS = NO;
				ENABLE_STRICT_OBJC_MSGSEND = YES;
				ENABLE_USER_SCRIPT_SANDBOXING = YES;
				GCC_C_LANGUAGE_STANDARD = gnu17;
				GCC_NO_COMMON_BLOCKS = YES;
				GCC_WARN_64_TO_32_BIT_CONVERSION = YES;
				GCC_WARN_ABOUT_RETURN_TYPE = YES_ERROR;
				GCC_WARN_UNDECLARED_SELECTOR = YES;
				GCC_WARN_UNINITIALIZED_AUTOS = YES_AGGRESSIVE;
				GCC_WARN_UNUSED_FUNCTION = YES;
				GCC_WARN_UNUSED_VARIABLE = YES;
				IPHONEOS_DEPLOYMENT_TARGET = 17.5;
				LOCALIZATION_PREFERS_STRING_CATALOGS = YES;
				MTL_ENABLE_DEBUG_INFO = NO;
				MTL_FAST_MATH = YES;
				SDKROOT = iphoneos;
				SWIFT_COMPILATION_MODE = wholemodule;
				VALIDATE_PRODUCT = YES;
			};
			name = Release;
		};
		25EADFAA2C8B05D80039034B /* Debug */ = {
			isa = XCBuildConfiguration;
			buildSettings = {
				ASSETCATALOG_COMPILER_APPICON_NAME = AppIcon;
				ASSETCATALOG_COMPILER_GLOBAL_ACCENT_COLOR_NAME = AccentColor;
				CODE_SIGN_STYLE = Automatic;
				CURRENT_PROJECT_VERSION = 1;
				DEVELOPMENT_ASSET_PATHS = "\"Scrumdinger/Preview Content\"";
				ENABLE_PREVIEWS = YES;
				GENERATE_INFOPLIST_FILE = YES;
				INFOPLIST_KEY_UIApplicationSceneManifest_Generation = YES;
				INFOPLIST_KEY_UIApplicationSupportsIndirectInputEvents = YES;
				INFOPLIST_KEY_UILaunchScreen_Generation = YES;
				INFOPLIST_KEY_UISupportedInterfaceOrientations_iPad = "UIInterfaceOrientationPortrait UIInterfaceOrientationPortraitUpsideDown UIInterfaceOrientationLandscapeLeft UIInterfaceOrientationLandscapeRight";
				INFOPLIST_KEY_UISupportedInterfaceOrientations_iPhone = "UIInterfaceOrientationPortrait UIInterfaceOrientationLandscapeLeft UIInterfaceOrientationLandscapeRight";
				LD_RUNPATH_SEARCH_PATHS = (
					"$(inherited)",
					"@executable_path/Frameworks",
				);
				MARKETING_VERSION = 1.0;
				PRODUCT_BUNDLE_IDENTIFIER = com.elibo.test.Scrumdinger;
				PRODUCT_NAME = "$(TARGET_NAME)";
				SWIFT_EMIT_LOC_STRINGS = YES;
				SWIFT_VERSION = 5.0;
				TARGETED_DEVICE_FAMILY = "1,2";
			};
			name = Debug;
		};
		25EADFAB2C8B05D80039034B /* Release */ = {
			isa = XCBuildConfiguration;
			buildSettings = {
				ASSETCATALOG_COMPILER_APPICON_NAME = AppIcon;
				ASSETCATALOG_COMPILER_GLOBAL_ACCENT_COLOR_NAME = AccentColor;
				CODE_SIGN_STYLE = Automatic;
				CURRENT_PROJECT_VERSION = 1;
				DEVELOPMENT_ASSET_PATHS = "\"Scrumdinger/Preview Content\"";
				ENABLE_PREVIEWS = YES;
				GENERATE_INFOPLIST_FILE = YES;
				INFOPLIST_KEY_UIApplicationSceneManifest_Generation = YES;
				INFOPLIST_KEY_UIApplicationSupportsIndirectInputEvents = YES;
				INFOPLIST_KEY_UILaunchScreen_Generation = YES;
				INFOPLIST_KEY_UISupportedInterfaceOrientations_iPad = "UIInterfaceOrientationPortrait UIInterfaceOrientationPortraitUpsideDown UIInterfaceOrientationLandscapeLeft UIInterfaceOrientationLandscapeRight";
				INFOPLIST_KEY_UISupportedInterfaceOrientations_iPhone = "UIInterfaceOrientationPortrait UIInterfaceOrientationLandscapeLeft UIInterfaceOrientationLandscapeRight";
				LD_RUNPATH_SEARCH_PATHS = (
					"$(inherited)",
					"@executable_path/Frameworks",
				);
				MARKETING_VERSION = 1.0;
				PRODUCT_BUNDLE_IDENTIFIER = com.elibo.test.Scrumdinger;
				PRODUCT_NAME = "$(TARGET_NAME)";
				SWIFT_EMIT_LOC_STRINGS = YES;
				SWIFT_VERSION = 5.0;
				TARGETED_DEVICE_FAMILY = "1,2";
			};
			name = Release;
		};
		25EADFAD2C8B05D80039034B /* Debug */ = {
			isa = XCBuildConfiguration;
			buildSettings = {
				ALWAYS_EMBED_SWIFT_STANDARD_LIBRARIES = YES;
				BUNDLE_LOADER = "$(TEST_HOST)";
				CODE_SIGN_STYLE = Automatic;
				CURRENT_PROJECT_VERSION = 1;
				GENERATE_INFOPLIST_FILE = YES;
				IPHONEOS_DEPLOYMENT_TARGET = 17.5;
				MARKETING_VERSION = 1.0;
				PRODUCT_BUNDLE_IDENTIFIER = com.elibo.test.ScrumdingerTests;
				PRODUCT_NAME = "$(TARGET_NAME)";
				SWIFT_EMIT_LOC_STRINGS = NO;
				SWIFT_VERSION = 5.0;
				TARGETED_DEVICE_FAMILY = "1,2";
				TEST_HOST = "$(BUILT_PRODUCTS_DIR)/Scrumdinger.app/$(BUNDLE_EXECUTABLE_FOLDER_PATH)/Scrumdinger";
			};
			name = Debug;
		};
		25EADFAE2C8B05D80039034B /* Release */ = {
			isa = XCBuildConfiguration;
			buildSettings = {
				ALWAYS_EMBED_SWIFT_STANDARD_LIBRARIES = YES;
				BUNDLE_LOADER = "$(TEST_HOST)";
				CODE_SIGN_STYLE = Automatic;
				CURRENT_PROJECT_VERSION = 1;
				GENERATE_INFOPLIST_FILE = YES;
				IPHONEOS_DEPLOYMENT_TARGET = 17.5;
				MARKETING_VERSION = 1.0;
				PRODUCT_BUNDLE_IDENTIFIER = com.elibo.test.ScrumdingerTests;
				PRODUCT_NAME = "$(TARGET_NAME)";
				SWIFT_EMIT_LOC_STRINGS = NO;
				SWIFT_VERSION = 5.0;
				TARGETED_DEVICE_FAMILY = "1,2";
				TEST_HOST = "$(BUILT_PRODUCTS_DIR)/Scrumdinger.app/$(BUNDLE_EXECUTABLE_FOLDER_PATH)/Scrumdinger";
			};
			name = Release;
		};
		25EADFB02C8B05D80039034B /* Debug */ = {
			isa = XCBuildConfiguration;
			buildSettings = {
				ALWAYS_EMBED_SWIFT_STANDARD_LIBRARIES = YES;
				CODE_SIGN_STYLE = Automatic;
				CURRENT_PROJECT_VERSION = 1;
				GENERATE_INFOPLIST_FILE = YES;
				MARKETING_VERSION = 1.0;
				PRODUCT_BUNDLE_IDENTIFIER = com.elibo.test.ScrumdingerUITests;
				PRODUCT_NAME = "$(TARGET_NAME)";
				SWIFT_EMIT_LOC_STRINGS = NO;
				SWIFT_VERSION = 5.0;
				TARGETED_DEVICE_FAMILY = "1,2";
				TEST_TARGET_NAME = Scrumdinger;
			};
			name = Debug;
		};
		25EADFB12C8B05D80039034B /* Release */ = {
			isa = XCBuildConfiguration;
			buildSettings = {
				ALWAYS_EMBED_SWIFT_STANDARD_LIBRARIES = YES;
				CODE_SIGN_STYLE = Automatic;
				CURRENT_PROJECT_VERSION = 1;
				GENERATE_INFOPLIST_FILE = YES;
				MARKETING_VERSION = 1.0;
				PRODUCT_BUNDLE_IDENTIFIER = com.elibo.test.ScrumdingerUITests;
				PRODUCT_NAME = "$(TARGET_NAME)";
				SWIFT_EMIT_LOC_STRINGS = NO;
				SWIFT_VERSION = 5.0;
				TARGETED_DEVICE_FAMILY = "1,2";
				TEST_TARGET_NAME = Scrumdinger;
			};
			name = Release;
		};
/* End XCBuildConfiguration section */

/* Begin XCConfigurationList section */
		25EADF802C8B05D60039034B /* Build configuration list for PBXProject "Scrumdinger" */ = {
			isa = XCConfigurationList;
			buildConfigurations = (
				25EADFA72C8B05D80039034B /* Debug */,
				25EADFA82C8B05D80039034B /* Release */,
			);
			defaultConfigurationIsVisible = 0;
			defaultConfigurationName = Release;
		};
		25EADFA92C8B05D80039034B /* Build configuration list for PBXNativeTarget "Scrumdinger" */ = {
			isa = XCConfigurationList;
			buildConfigurations = (
				25EADFAA2C8B05D80039034B /* Debug */,
				25EADFAB2C8B05D80039034B /* Release */,
			);
			defaultConfigurationIsVisible = 0;
			defaultConfigurationName = Release;
		};
		25EADFAC2C8B05D80039034B /* Build configuration list for PBXNativeTarget "ScrumdingerTests" */ = {
			isa = XCConfigurationList;
			buildConfigurations = (
				25EADFAD2C8B05D80039034B /* Debug */,
				25EADFAE2C8B05D80039034B /* Release */,
			);
			defaultConfigurationIsVisible = 0;
			defaultConfigurationName = Release;
		};
		25EADFAF2C8B05D80039034B /* Build configuration list for PBXNativeTarget "ScrumdingerUITests" */ = {
			isa = XCConfigurationList;
			buildConfigurations = (
				25EADFB02C8B05D80039034B /* Debug */,
				25EADFB12C8B05D80039034B /* Release */,
			);
			defaultConfigurationIsVisible = 0;
			defaultConfigurationName = Release;
		};
/* End XCConfigurationList section */
	};
	rootObject = 25EADF7D2C8B05D60039034B /* Project object */;
}
